// !$*UTF8*$!
{
	archiveVersion = 1;
	classes = {
	};
	objectVersion = 50;
	objects = {

/* Begin PBXBuildFile section */
		C4F2AAF42641DF7300D82F0C /* AppDelegate.swift in Sources */ = {isa = PBXBuildFile; fileRef = C4F2AAF32641DF7300D82F0C /* AppDelegate.swift */; };
		C4F2AAF62641DF7300D82F0C /* SceneDelegate.swift in Sources */ = {isa = PBXBuildFile; fileRef = C4F2AAF52641DF7300D82F0C /* SceneDelegate.swift */; };
		C4F2AAFB2641DF7300D82F0C /* Main.storyboard in Resources */ = {isa = PBXBuildFile; fileRef = C4F2AAF92641DF7300D82F0C /* Main.storyboard */; };
		C4F2AAFD2641DF7700D82F0C /* Assets.xcassets in Resources */ = {isa = PBXBuildFile; fileRef = C4F2AAFC2641DF7700D82F0C /* Assets.xcassets */; };
		C4F2AB002641DF7700D82F0C /* LaunchScreen.storyboard in Resources */ = {isa = PBXBuildFile; fileRef = C4F2AAFE2641DF7700D82F0C /* LaunchScreen.storyboard */; };
		C4F2AB082641E8FC00D82F0C /* TasksTableViewController.swift in Sources */ = {isa = PBXBuildFile; fileRef = C4F2AB072641E8FC00D82F0C /* TasksTableViewController.swift */; };
		C4F2AB0A2641EF5F00D82F0C /* RecordTaskViewController.swift in Sources */ = {isa = PBXBuildFile; fileRef = C4F2AB092641EF5F00D82F0C /* RecordTaskViewController.swift */; };
		C4F2AB0C2641F08E00D82F0C /* TaskUserDefaults.swift in Sources */ = {isa = PBXBuildFile; fileRef = C4F2AB0B2641F08E00D82F0C /* TaskUserDefaults.swift */; };
/* End PBXBuildFile section */

/* Begin PBXFileReference section */
		C4F2AAF02641DF7300D82F0C /* to-do-list.app */ = {isa = PBXFileReference; explicitFileType = wrapper.application; includeInIndex = 0; path = "to-do-list.app"; sourceTree = BUILT_PRODUCTS_DIR; };
		C4F2AAF32641DF7300D82F0C /* AppDelegate.swift */ = {isa = PBXFileReference; lastKnownFileType = sourcecode.swift; path = AppDelegate.swift; sourceTree = "<group>"; };
		C4F2AAF52641DF7300D82F0C /* SceneDelegate.swift */ = {isa = PBXFileReference; lastKnownFileType = sourcecode.swift; path = SceneDelegate.swift; sourceTree = "<group>"; };
		C4F2AAFA2641DF7300D82F0C /* Base */ = {isa = PBXFileReference; lastKnownFileType = file.storyboard; name = Base; path = Base.lproj/Main.storyboard; sourceTree = "<group>"; };
		C4F2AAFC2641DF7700D82F0C /* Assets.xcassets */ = {isa = PBXFileReference; lastKnownFileType = folder.assetcatalog; path = Assets.xcassets; sourceTree = "<group>"; };
		C4F2AAFF2641DF7700D82F0C /* Base */ = {isa = PBXFileReference; lastKnownFileType = file.storyboard; name = Base; path = Base.lproj/LaunchScreen.storyboard; sourceTree = "<group>"; };
		C4F2AB012641DF7700D82F0C /* Info.plist */ = {isa = PBXFileReference; lastKnownFileType = text.plist.xml; path = Info.plist; sourceTree = "<group>"; };
		C4F2AB072641E8FC00D82F0C /* TasksTableViewController.swift */ = {isa = PBXFileReference; lastKnownFileType = sourcecode.swift; path = TasksTableViewController.swift; sourceTree = "<group>"; };
		C4F2AB092641EF5F00D82F0C /* RecordTaskViewController.swift */ = {isa = PBXFileReference; lastKnownFileType = sourcecode.swift; path = RecordTaskViewController.swift; sourceTree = "<group>"; };
		C4F2AB0B2641F08E00D82F0C /* TaskUserDefaults.swift */ = {isa = PBXFileReference; lastKnownFileType = sourcecode.swift; path = TaskUserDefaults.swift; sourceTree = "<group>"; };
/* End PBXFileReference section */

/* Begin PBXFrameworksBuildPhase section */
		C4F2AAED2641DF7300D82F0C /* Frameworks */ = {
			isa = PBXFrameworksBuildPhase;
			buildActionMask = 2147483647;
			files = (
			);
			runOnlyForDeploymentPostprocessing = 0;
		};
/* End PBXFrameworksBuildPhase section */

/* Begin PBXGroup section */
		C4F2AAE72641DF7300D82F0C = {
			isa = PBXGroup;
			children = (
				C4F2AAF22641DF7300D82F0C /* to-do-list */,
				C4F2AAF12641DF7300D82F0C /* Products */,
			);
			sourceTree = "<group>";
		};
		C4F2AAF12641DF7300D82F0C /* Products */ = {
			isa = PBXGroup;
			children = (
				C4F2AAF02641DF7300D82F0C /* to-do-list.app */,
			);
			name = Products;
			sourceTree = "<group>";
		};
		C4F2AAF22641DF7300D82F0C /* to-do-list */ = {
			isa = PBXGroup;
			children = (
				C4F2AAF32641DF7300D82F0C /* AppDelegate.swift */,
				C4F2AAF52641DF7300D82F0C /* SceneDelegate.swift */,
				C4F2AB072641E8FC00D82F0C /* TasksTableViewController.swift */,
				C4F2AB092641EF5F00D82F0C /* RecordTaskViewController.swift */,
				C4F2AB0B2641F08E00D82F0C /* TaskUserDefaults.swift */,
				C4F2AAF92641DF7300D82F0C /* Main.storyboard */,
				C4F2AAFC2641DF7700D82F0C /* Assets.xcassets */,
				C4F2AAFE2641DF7700D82F0C /* LaunchScreen.storyboard */,
				C4F2AB012641DF7700D82F0C /* Info.plist */,
			);
			path = "to-do-list";
			sourceTree = "<group>";
		};
/* End PBXGroup section */

/* Begin PBXNativeTarget section */
		C4F2AAEF2641DF7300D82F0C /* to-do-list */ = {
			isa = PBXNativeTarget;
			buildConfigurationList = C4F2AB042641DF7700D82F0C /* Build configuration list for PBXNativeTarget "to-do-list" */;
			buildPhases = (
				C4F2AAEC2641DF7300D82F0C /* Sources */,
				C4F2AAED2641DF7300D82F0C /* Frameworks */,
				C4F2AAEE2641DF7300D82F0C /* Resources */,
			);
			buildRules = (
			);
			dependencies = (
			);
			name = "to-do-list";
			productName = "to-do-list";
			productReference = C4F2AAF02641DF7300D82F0C /* to-do-list.app */;
			productType = "com.apple.product-type.application";
		};
/* End PBXNativeTarget section */

/* Begin PBXProject section */
		C4F2AAE82641DF7300D82F0C /* Project object */ = {
			isa = PBXProject;
			attributes = {
				LastSwiftUpdateCheck = 1150;
				LastUpgradeCheck = 1150;
				ORGANIZATIONNAME = "Fernando Moreira";
				TargetAttributes = {
					C4F2AAEF2641DF7300D82F0C = {
						CreatedOnToolsVersion = 11.5;
					};
				};
			};
			buildConfigurationList = C4F2AAEB2641DF7300D82F0C /* Build configuration list for PBXProject "to-do-list" */;
			compatibilityVersion = "Xcode 9.3";
			developmentRegion = en;
			hasScannedForEncodings = 0;
			knownRegions = (
				en,
				Base,
			);
			mainGroup = C4F2AAE72641DF7300D82F0C;
			productRefGroup = C4F2AAF12641DF7300D82F0C /* Products */;
			projectDirPath = "";
			projectRoot = "";
			targets = (
				C4F2AAEF2641DF7300D82F0C /* to-do-list */,
			);
		};
/* End PBXProject section */

/* Begin PBXResourcesBuildPhase section */
		C4F2AAEE2641DF7300D82F0C /* Resources */ = {
			isa = PBXResourcesBuildPhase;
			buildActionMask = 2147483647;
			files = (
				C4F2AB002641DF7700D82F0C /* LaunchScreen.storyboard in Resources */,
				C4F2AAFD2641DF7700D82F0C /* Assets.xcassets in Resources */,
				C4F2AAFB2641DF7300D82F0C /* Main.storyboard in Resources */,
			);
			runOnlyForDeploymentPostprocessing = 0;
		};
/* End PBXResourcesBuildPhase section */

/* Begin PBXSourcesBuildPhase section */
		C4F2AAEC2641DF7300D82F0C /* Sources */ = {
			isa = PBXSourcesBuildPhase;
			buildActionMask = 2147483647;
			files = (
				C4F2AB082641E8FC00D82F0C /* TasksTableViewController.swift in Sources */,
				C4F2AAF42641DF7300D82F0C /* AppDelegate.swift in Sources */,
				C4F2AB0A2641EF5F00D82F0C /* RecordTaskViewController.swift in Sources */,
				C4F2AAF62641DF7300D82F0C /* SceneDelegate.swift in Sources */,
				C4F2AB0C2641F08E00D82F0C /* TaskUserDefaults.swift in Sources */,
			);
			runOnlyForDeploymentPostprocessing = 0;
		};
/* End PBXSourcesBuildPhase section */

/* Begin PBXVariantGroup section */
		C4F2AAF92641DF7300D82F0C /* Main.storyboard */ = {
			isa = PBXVariantGroup;
			children = (
				C4F2AAFA2641DF7300D82F0C /* Base */,
			);
			name = Main.storyboard;
			sourceTree = "<group>";
		};
		C4F2AAFE2641DF7700D82F0C /* LaunchScreen.storyboard */ = {
			isa = PBXVariantGroup;
			children = (
				C4F2AAFF2641DF7700D82F0C /* Base */,
			);
			name = LaunchScreen.storyboard;
			sourceTree = "<group>";
		};
/* End PBXVariantGroup section */

/* Begin XCBuildConfiguration section */
		C4F2AB022641DF7700D82F0C /* Debug */ = {
			isa = XCBuildConfiguration;
			buildSettings = {
				ALWAYS_SEARCH_USER_PATHS = NO;
				CLANG_ANALYZER_NONNULL = YES;
				CLANG_ANALYZER_NUMBER_OBJECT_CONVERSION = YES_AGGRESSIVE;
				CLANG_CXX_LANGUAGE_STANDARD = "gnu++14";
				CLANG_CXX_LIBRARY = "libc++";
				CLANG_ENABLE_MODULES = YES;
				CLANG_ENABLE_OBJC_ARC = YES;
				CLANG_ENABLE_OBJC_WEAK = YES;
				CLANG_WARN_BLOCK_CAPTURE_AUTORELEASING = YES;
				CLANG_WARN_BOOL_CONVERSION = YES;
				CLANG_WARN_COMMA = YES;
				CLANG_WARN_CONSTANT_CONVERSION = YES;
				CLANG_WARN_DEPRECATED_OBJC_IMPLEMENTATIONS = YES;
				CLANG_WARN_DIRECT_OBJC_ISA_USAGE = YES_ERROR;
				CLANG_WARN_DOCUMENTATION_COMMENTS = YES;
				CLANG_WARN_EMPTY_BODY = YES;
				CLANG_WARN_ENUM_CONVERSION = YES;
				CLANG_WARN_INFINITE_RECURSION = YES;
				CLANG_WARN_INT_CONVERSION = YES;
				CLANG_WARN_NON_LITERAL_NULL_CONVERSION = YES;
				CLANG_WARN_OBJC_IMPLICIT_RETAIN_SELF = YES;
				CLANG_WARN_OBJC_LITERAL_CONVERSION = YES;
				CLANG_WARN_OBJC_ROOT_CLASS = YES_ERROR;
				CLANG_WARN_RANGE_LOOP_ANALYSIS = YES;
				CLANG_WARN_STRICT_PROTOTYPES = YES;
				CLANG_WARN_SUSPICIOUS_MOVE = YES;
				CLANG_WARN_UNGUARDED_AVAILABILITY = YES_AGGRESSIVE;
				CLANG_WARN_UNREACHABLE_CODE = YES;
				CLANG_WARN__DUPLICATE_METHOD_MATCH = YES;
				COPY_PHASE_STRIP = NO;
				DEBUG_INFORMATION_FORMAT = dwarf;
				ENABLE_STRICT_OBJC_MSGSEND = YES;
				ENABLE_TESTABILITY = YES;
				GCC_C_LANGUAGE_STANDARD = gnu11;
				GCC_DYNAMIC_NO_PIC = NO;
				GCC_NO_COMMON_BLOCKS = YES;
				GCC_OPTIMIZATION_LEVEL = 0;
				GCC_PREPROCESSOR_DEFINITIONS = (
					"DEBUG=1",
					"$(inherited)",
				);
				GCC_WARN_64_TO_32_BIT_CONVERSION = YES;
				GCC_WARN_ABOUT_RETURN_TYPE = YES_ERROR;
				GCC_WARN_UNDECLARED_SELECTOR = YES;
				GCC_WARN_UNINITIALIZED_AUTOS = YES_AGGRESSIVE;
				GCC_WARN_UNUSED_FUNCTION = YES;
				GCC_WARN_UNUSED_VARIABLE = YES;
				IPHONEOS_DEPLOYMENT_TARGET = 13.5;
				MTL_ENABLE_DEBUG_INFO = INCLUDE_SOURCE;
				MTL_FAST_MATH = YES;
				ONLY_ACTIVE_ARCH = YES;
				SDKROOT = iphoneos;
				SWIFT_ACTIVE_COMPILATION_CONDITIONS = DEBUG;
				SWIFT_OPTIMIZATION_LEVEL = "-Onone";
			};
			name = Debug;
		};
		C4F2AB032641DF7700D82F0C /* Release */ = {
			isa = XCBuildConfiguration;
			buildSettings = {
				ALWAYS_SEARCH_USER_PATHS = NO;
				CLANG_ANALYZER_NONNULL = YES;
				CLANG_ANALYZER_NUMBER_OBJECT_CONVERSION = YES_AGGRESSIVE;
				CLANG_CXX_LANGUAGE_STANDARD = "gnu++14";
				CLANG_CXX_LIBRARY = "libc++";
				CLANG_ENABLE_MODULES = YES;
				CLANG_ENABLE_OBJC_ARC = YES;
				CLANG_ENABLE_OBJC_WEAK = YES;
				CLANG_WARN_BLOCK_CAPTURE_AUTORELEASING = YES;
				CLANG_WARN_BOOL_CONVERSION = YES;
				CLANG_WARN_COMMA = YES;
				CLANG_WARN_CONSTANT_CONVERSION = YES;
				CLANG_WARN_DEPRECATED_OBJC_IMPLEMENTATIONS = YES;
				CLANG_WARN_DIRECT_OBJC_ISA_USAGE = YES_ERROR;
				CLANG_WARN_DOCUMENTATION_COMMENTS = YES;
				CLANG_WARN_EMPTY_BODY = YES;
				CLANG_WARN_ENUM_CONVERSION = YES;
				CLANG_WARN_INFINITE_RECURSION = YES;
				CLANG_WARN_INT_CONVERSION = YES;
				CLANG_WARN_NON_LITERAL_NULL_CONVERSION = YES;
				CLANG_WARN_OBJC_IMPLICIT_RETAIN_SELF = YES;
				CLANG_WARN_OBJC_LITERAL_CONVERSION = YES;
				CLANG_WARN_OBJC_ROOT_CLASS = YES_ERROR;
				CLANG_WARN_RANGE_LOOP_ANALYSIS = YES;
				CLANG_WARN_STRICT_PROTOTYPES = YES;
				CLANG_WARN_SUSPICIOUS_MOVE = YES;
				CLANG_WARN_UNGUARDED_AVAILABILITY = YES_AGGRESSIVE;
				CLANG_WARN_UNREACHABLE_CODE = YES;
				CLANG_WARN__DUPLICATE_METHOD_MATCH = YES;
				COPY_PHASE_STRIP = NO;
				DEBUG_INFORMATION_FORMAT = "dwarf-with-dsym";
				ENABLE_NS_ASSERTIONS = NO;
				ENABLE_STRICT_OBJC_MSGSEND = YES;
				GCC_C_LANGUAGE_STANDARD = gnu11;
				GCC_NO_COMMON_BLOCKS = YES;
				GCC_WARN_64_TO_32_BIT_CONVERSION = YES;
				GCC_WARN_ABOUT_RETURN_TYPE = YES_ERROR;
				GCC_WARN_UNDECLARED_SELECTOR = YES;
				GCC_WARN_UNINITIALIZED_AUTOS = YES_AGGRESSIVE;
				GCC_WARN_UNUSED_FUNCTION = YES;
				GCC_WARN_UNUSED_VARIABLE = YES;
				IPHONEOS_DEPLOYMENT_TARGET = 13.5;
				MTL_ENABLE_DEBUG_INFO = NO;
				MTL_FAST_MATH = YES;
				SDKROOT = iphoneos;
				SWIFT_COMPILATION_MODE = wholemodule;
				SWIFT_OPTIMIZATION_LEVEL = "-O";
				VALIDATE_PRODUCT = YES;
			};
			name = Release;
		};
		C4F2AB052641DF7700D82F0C /* Debug */ = {
			isa = XCBuildConfiguration;
			buildSettings = {
				ASSETCATALOG_COMPILER_APPICON_NAME = AppIcon;
				CODE_SIGN_STYLE = Automatic;
				INFOPLIST_FILE = "to-do-list/Info.plist";
				LD_RUNPATH_SEARCH_PATHS = (
					"$(inherited)",
					"@executable_path/Frameworks",
				);
				PRODUCT_BUNDLE_IDENTIFIER = "com.fernandomoreira.to-do-list";
				PRODUCT_NAME = "$(TARGET_NAME)";
				SWIFT_VERSION = 5.0;
				TARGETED_DEVICE_FAMILY = "1,2";
			};
			name = Debug;
		};
		C4F2AB062641DF7700D82F0C /* Release */ = {
			isa = XCBuildConfiguration;
			buildSettings = {
				ASSETCATALOG_COMPILER_APPICON_NAME = AppIcon;
				CODE_SIGN_STYLE = Automatic;
				INFOPLIST_FILE = "to-do-list/Info.plist";
				LD_RUNPATH_SEARCH_PATHS = (
					"$(inherited)",
					"@executable_path/Frameworks",
				);
				PRODUCT_BUNDLE_IDENTIFIER = "com.fernandomoreira.to-do-list";
				PRODUCT_NAME = "$(TARGET_NAME)";
				SWIFT_VERSION = 5.0;
				TARGETED_DEVICE_FAMILY = "1,2";
			};
			name = Release;
		};
/* End XCBuildConfiguration section */

/* Begin XCConfigurationList section */
		C4F2AAEB2641DF7300D82F0C /* Build configuration list for PBXProject "to-do-list" */ = {
			isa = XCConfigurationList;
			buildConfigurations = (
				C4F2AB022641DF7700D82F0C /* Debug */,
				C4F2AB032641DF7700D82F0C /* Release */,
			);
			defaultConfigurationIsVisible = 0;
			defaultConfigurationName = Release;
		};
		C4F2AB042641DF7700D82F0C /* Build configuration list for PBXNativeTarget "to-do-list" */ = {
			isa = XCConfigurationList;
			buildConfigurations = (
				C4F2AB052641DF7700D82F0C /* Debug */,
				C4F2AB062641DF7700D82F0C /* Release */,
			);
			defaultConfigurationIsVisible = 0;
			defaultConfigurationName = Release;
		};
/* End XCConfigurationList section */
	};
	rootObject = C4F2AAE82641DF7300D82F0C /* Project object */;
}
