// !$*UTF8*$!
{
	archiveVersion = 1;
	classes = {
	};
	objectVersion = 50;
	objects = {

/* Begin PBXBuildFile section */
		C44346B92642EA010095C534 /* AppDelegate.swift in Sources */ = {isa = PBXBuildFile; fileRef = C44346B82642EA010095C534 /* AppDelegate.swift */; };
		C44346BB2642EA010095C534 /* SceneDelegate.swift in Sources */ = {isa = PBXBuildFile; fileRef = C44346BA2642EA010095C534 /* SceneDelegate.swift */; };
		C44346BD2642EA010095C534 /* ViewController.swift in Sources */ = {isa = PBXBuildFile; fileRef = C44346BC2642EA010095C534 /* ViewController.swift */; };
		C44346C02642EA010095C534 /* Main.storyboard in Resources */ = {isa = PBXBuildFile; fileRef = C44346BE2642EA010095C534 /* Main.storyboard */; };
		C44346C22642EA040095C534 /* Assets.xcassets in Resources */ = {isa = PBXBuildFile; fileRef = C44346C12642EA040095C534 /* Assets.xcassets */; };
		C44346C52642EA040095C534 /* LaunchScreen.storyboard in Resources */ = {isa = PBXBuildFile; fileRef = C44346C32642EA040095C534 /* LaunchScreen.storyboard */; };
		C4CD476A2643236100DDA2B6 /* README.md in Resources */ = {isa = PBXBuildFile; fileRef = C4CD47692643236100DDA2B6 /* README.md */; };
/* End PBXBuildFile section */

/* Begin PBXFileReference section */
		C44346B52642EA010095C534 /* where-am-i.app */ = {isa = PBXFileReference; explicitFileType = wrapper.application; includeInIndex = 0; path = "where-am-i.app"; sourceTree = BUILT_PRODUCTS_DIR; };
		C44346B82642EA010095C534 /* AppDelegate.swift */ = {isa = PBXFileReference; lastKnownFileType = sourcecode.swift; path = AppDelegate.swift; sourceTree = "<group>"; };
		C44346BA2642EA010095C534 /* SceneDelegate.swift */ = {isa = PBXFileReference; lastKnownFileType = sourcecode.swift; path = SceneDelegate.swift; sourceTree = "<group>"; };
		C44346BC2642EA010095C534 /* ViewController.swift */ = {isa = PBXFileReference; lastKnownFileType = sourcecode.swift; path = ViewController.swift; sourceTree = "<group>"; };
		C44346BF2642EA010095C534 /* Base */ = {isa = PBXFileReference; lastKnownFileType = file.storyboard; name = Base; path = Base.lproj/Main.storyboard; sourceTree = "<group>"; };
		C44346C12642EA040095C534 /* Assets.xcassets */ = {isa = PBXFileReference; lastKnownFileType = folder.assetcatalog; path = Assets.xcassets; sourceTree = "<group>"; };
		C44346C42642EA040095C534 /* Base */ = {isa = PBXFileReference; lastKnownFileType = file.storyboard; name = Base; path = Base.lproj/LaunchScreen.storyboard; sourceTree = "<group>"; };
		C44346C62642EA040095C534 /* Info.plist */ = {isa = PBXFileReference; lastKnownFileType = text.plist.xml; path = Info.plist; sourceTree = "<group>"; };
		C4CD47692643236100DDA2B6 /* README.md */ = {isa = PBXFileReference; lastKnownFileType = net.daringfireball.markdown; path = README.md; sourceTree = "<group>"; };
/* End PBXFileReference section */

/* Begin PBXFrameworksBuildPhase section */
		C44346B22642EA010095C534 /* Frameworks */ = {
			isa = PBXFrameworksBuildPhase;
			buildActionMask = 2147483647;
			files = (
			);
			runOnlyForDeploymentPostprocessing = 0;
		};
/* End PBXFrameworksBuildPhase section */

/* Begin PBXGroup section */
		C44346AC2642EA010095C534 = {
			isa = PBXGroup;
			children = (
				C4CD47692643236100DDA2B6 /* README.md */,
				C44346B72642EA010095C534 /* where-am-i */,
				C44346B62642EA010095C534 /* Products */,
			);
			sourceTree = "<group>";
		};
		C44346B62642EA010095C534 /* Products */ = {
			isa = PBXGroup;
			children = (
				C44346B52642EA010095C534 /* where-am-i.app */,
			);
			name = Products;
			sourceTree = "<group>";
		};
		C44346B72642EA010095C534 /* where-am-i */ = {
			isa = PBXGroup;
			children = (
				C44346B82642EA010095C534 /* AppDelegate.swift */,
				C44346BA2642EA010095C534 /* SceneDelegate.swift */,
				C44346BC2642EA010095C534 /* ViewController.swift */,
				C44346BE2642EA010095C534 /* Main.storyboard */,
				C44346C12642EA040095C534 /* Assets.xcassets */,
				C44346C32642EA040095C534 /* LaunchScreen.storyboard */,
				C44346C62642EA040095C534 /* Info.plist */,
			);
			path = "where-am-i";
			sourceTree = "<group>";
		};
/* End PBXGroup section */

/* Begin PBXNativeTarget section */
		C44346B42642EA010095C534 /* where-am-i */ = {
			isa = PBXNativeTarget;
			buildConfigurationList = C44346C92642EA040095C534 /* Build configuration list for PBXNativeTarget "where-am-i" */;
			buildPhases = (
				C44346B12642EA010095C534 /* Sources */,
				C44346B22642EA010095C534 /* Frameworks */,
				C44346B32642EA010095C534 /* Resources */,
			);
			buildRules = (
			);
			dependencies = (
			);
			name = "where-am-i";
			productName = "where-am-i";
			productReference = C44346B52642EA010095C534 /* where-am-i.app */;
			productType = "com.apple.product-type.application";
		};
/* End PBXNativeTarget section */

/* Begin PBXProject section */
		C44346AD2642EA010095C534 /* Project object */ = {
			isa = PBXProject;
			attributes = {
				LastSwiftUpdateCheck = 1150;
				LastUpgradeCheck = 1150;
				ORGANIZATIONNAME = "Fernando Moreira";
				TargetAttributes = {
					C44346B42642EA010095C534 = {
						CreatedOnToolsVersion = 11.5;
					};
				};
			};
			buildConfigurationList = C44346B02642EA010095C534 /* Build configuration list for PBXProject "where-am-i" */;
			compatibilityVersion = "Xcode 9.3";
			developmentRegion = en;
			hasScannedForEncodings = 0;
			knownRegions = (
				en,
				Base,
			);
			mainGroup = C44346AC2642EA010095C534;
			productRefGroup = C44346B62642EA010095C534 /* Products */;
			projectDirPath = "";
			projectRoot = "";
			targets = (
				C44346B42642EA010095C534 /* where-am-i */,
			);
		};
/* End PBXProject section */

/* Begin PBXResourcesBuildPhase section */
		C44346B32642EA010095C534 /* Resources */ = {
			isa = PBXResourcesBuildPhase;
			buildActionMask = 2147483647;
			files = (
				C44346C52642EA040095C534 /* LaunchScreen.storyboard in Resources */,
				C44346C22642EA040095C534 /* Assets.xcassets in Resources */,
				C4CD476A2643236100DDA2B6 /* README.md in Resources */,
				C44346C02642EA010095C534 /* Main.storyboard in Resources */,
			);
			runOnlyForDeploymentPostprocessing = 0;
		};
/* End PBXResourcesBuildPhase section */

/* Begin PBXSourcesBuildPhase section */
		C44346B12642EA010095C534 /* Sources */ = {
			isa = PBXSourcesBuildPhase;
			buildActionMask = 2147483647;
			files = (
				C44346BD2642EA010095C534 /* ViewController.swift in Sources */,
				C44346B92642EA010095C534 /* AppDelegate.swift in Sources */,
				C44346BB2642EA010095C534 /* SceneDelegate.swift in Sources */,
			);
			runOnlyForDeploymentPostprocessing = 0;
		};
/* End PBXSourcesBuildPhase section */

/* Begin PBXVariantGroup section */
		C44346BE2642EA010095C534 /* Main.storyboard */ = {
			isa = PBXVariantGroup;
			children = (
				C44346BF2642EA010095C534 /* Base */,
			);
			name = Main.storyboard;
			sourceTree = "<group>";
		};
		C44346C32642EA040095C534 /* LaunchScreen.storyboard */ = {
			isa = PBXVariantGroup;
			children = (
				C44346C42642EA040095C534 /* Base */,
			);
			name = LaunchScreen.storyboard;
			sourceTree = "<group>";
		};
/* End PBXVariantGroup section */

/* Begin XCBuildConfiguration section */
		C44346C72642EA040095C534 /* Debug */ = {
			isa = XCBuildConfiguration;
			buildSettings = {
				ALWAYS_SEARCH_USER_PATHS = NO;
				CLANG_ANALYZER_NONNULL = YES;
				CLANG_ANALYZER_NUMBER_OBJECT_CONVERSION = YES_AGGRESSIVE;
				CLANG_CXX_LANGUAGE_STANDARD = "gnu++14";
				CLANG_CXX_LIBRARY = "libc++";
				CLANG_ENABLE_MODULES = YES;
				CLANG_ENABLE_OBJC_ARC = YES;
				CLANG_ENABLE_OBJC_WEAK = YES;
				CLANG_WARN_BLOCK_CAPTURE_AUTORELEASING = YES;
				CLANG_WARN_BOOL_CONVERSION = YES;
				CLANG_WARN_COMMA = YES;
				CLANG_WARN_CONSTANT_CONVERSION = YES;
				CLANG_WARN_DEPRECATED_OBJC_IMPLEMENTATIONS = YES;
				CLANG_WARN_DIRECT_OBJC_ISA_USAGE = YES_ERROR;
				CLANG_WARN_DOCUMENTATION_COMMENTS = YES;
				CLANG_WARN_EMPTY_BODY = YES;
				CLANG_WARN_ENUM_CONVERSION = YES;
				CLANG_WARN_INFINITE_RECURSION = YES;
				CLANG_WARN_INT_CONVERSION = YES;
				CLANG_WARN_NON_LITERAL_NULL_CONVERSION = YES;
				CLANG_WARN_OBJC_IMPLICIT_RETAIN_SELF = YES;
				CLANG_WARN_OBJC_LITERAL_CONVERSION = YES;
				CLANG_WARN_OBJC_ROOT_CLASS = YES_ERROR;
				CLANG_WARN_RANGE_LOOP_ANALYSIS = YES;
				CLANG_WARN_STRICT_PROTOTYPES = YES;
				CLANG_WARN_SUSPICIOUS_MOVE = YES;
				CLANG_WARN_UNGUARDED_AVAILABILITY = YES_AGGRESSIVE;
				CLANG_WARN_UNREACHABLE_CODE = YES;
				CLANG_WARN__DUPLICATE_METHOD_MATCH = YES;
				COPY_PHASE_STRIP = NO;
				DEBUG_INFORMATION_FORMAT = dwarf;
				ENABLE_STRICT_OBJC_MSGSEND = YES;
				ENABLE_TESTABILITY = YES;
				GCC_C_LANGUAGE_STANDARD = gnu11;
				GCC_DYNAMIC_NO_PIC = NO;
				GCC_NO_COMMON_BLOCKS = YES;
				GCC_OPTIMIZATION_LEVEL = 0;
				GCC_PREPROCESSOR_DEFINITIONS = (
					"DEBUG=1",
					"$(inherited)",
				);
				GCC_WARN_64_TO_32_BIT_CONVERSION = YES;
				GCC_WARN_ABOUT_RETURN_TYPE = YES_ERROR;
				GCC_WARN_UNDECLARED_SELECTOR = YES;
				GCC_WARN_UNINITIALIZED_AUTOS = YES_AGGRESSIVE;
				GCC_WARN_UNUSED_FUNCTION = YES;
				GCC_WARN_UNUSED_VARIABLE = YES;
				IPHONEOS_DEPLOYMENT_TARGET = 13.5;
				MTL_ENABLE_DEBUG_INFO = INCLUDE_SOURCE;
				MTL_FAST_MATH = YES;
				ONLY_ACTIVE_ARCH = YES;
				SDKROOT = iphoneos;
				SWIFT_ACTIVE_COMPILATION_CONDITIONS = DEBUG;
				SWIFT_OPTIMIZATION_LEVEL = "-Onone";
			};
			name = Debug;
		};
		C44346C82642EA040095C534 /* Release */ = {
			isa = XCBuildConfiguration;
			buildSettings = {
				ALWAYS_SEARCH_USER_PATHS = NO;
				CLANG_ANALYZER_NONNULL = YES;
				CLANG_ANALYZER_NUMBER_OBJECT_CONVERSION = YES_AGGRESSIVE;
				CLANG_CXX_LANGUAGE_STANDARD = "gnu++14";
				CLANG_CXX_LIBRARY = "libc++";
				CLANG_ENABLE_MODULES = YES;
				CLANG_ENABLE_OBJC_ARC = YES;
				CLANG_ENABLE_OBJC_WEAK = YES;
				CLANG_WARN_BLOCK_CAPTURE_AUTORELEASING = YES;
				CLANG_WARN_BOOL_CONVERSION = YES;
				CLANG_WARN_COMMA = YES;
				CLANG_WARN_CONSTANT_CONVERSION = YES;
				CLANG_WARN_DEPRECATED_OBJC_IMPLEMENTATIONS = YES;
				CLANG_WARN_DIRECT_OBJC_ISA_USAGE = YES_ERROR;
				CLANG_WARN_DOCUMENTATION_COMMENTS = YES;
				CLANG_WARN_EMPTY_BODY = YES;
				CLANG_WARN_ENUM_CONVERSION = YES;
				CLANG_WARN_INFINITE_RECURSION = YES;
				CLANG_WARN_INT_CONVERSION = YES;
				CLANG_WARN_NON_LITERAL_NULL_CONVERSION = YES;
				CLANG_WARN_OBJC_IMPLICIT_RETAIN_SELF = YES;
				CLANG_WARN_OBJC_LITERAL_CONVERSION = YES;
				CLANG_WARN_OBJC_ROOT_CLASS = YES_ERROR;
				CLANG_WARN_RANGE_LOOP_ANALYSIS = YES;
				CLANG_WARN_STRICT_PROTOTYPES = YES;
				CLANG_WARN_SUSPICIOUS_MOVE = YES;
				CLANG_WARN_UNGUARDED_AVAILABILITY = YES_AGGRESSIVE;
				CLANG_WARN_UNREACHABLE_CODE = YES;
				CLANG_WARN__DUPLICATE_METHOD_MATCH = YES;
				COPY_PHASE_STRIP = NO;
				DEBUG_INFORMATION_FORMAT = "dwarf-with-dsym";
				ENABLE_NS_ASSERTIONS = NO;
				ENABLE_STRICT_OBJC_MSGSEND = YES;
				GCC_C_LANGUAGE_STANDARD = gnu11;
				GCC_NO_COMMON_BLOCKS = YES;
				GCC_WARN_64_TO_32_BIT_CONVERSION = YES;
				GCC_WARN_ABOUT_RETURN_TYPE = YES_ERROR;
				GCC_WARN_UNDECLARED_SELECTOR = YES;
				GCC_WARN_UNINITIALIZED_AUTOS = YES_AGGRESSIVE;
				GCC_WARN_UNUSED_FUNCTION = YES;
				GCC_WARN_UNUSED_VARIABLE = YES;
				IPHONEOS_DEPLOYMENT_TARGET = 13.5;
				MTL_ENABLE_DEBUG_INFO = NO;
				MTL_FAST_MATH = YES;
				SDKROOT = iphoneos;
				SWIFT_COMPILATION_MODE = wholemodule;
				SWIFT_OPTIMIZATION_LEVEL = "-O";
				VALIDATE_PRODUCT = YES;
			};
			name = Release;
		};
		C44346CA2642EA040095C534 /* Debug */ = {
			isa = XCBuildConfiguration;
			buildSettings = {
				ASSETCATALOG_COMPILER_APPICON_NAME = AppIcon;
				CODE_SIGN_STYLE = Automatic;
				INFOPLIST_FILE = "where-am-i/Info.plist";
				LD_RUNPATH_SEARCH_PATHS = (
					"$(inherited)",
					"@executable_path/Frameworks",
				);
				PRODUCT_BUNDLE_IDENTIFIER = "com.fernandomoreira.where-am-i";
				PRODUCT_NAME = "$(TARGET_NAME)";
				SWIFT_VERSION = 5.0;
				TARGETED_DEVICE_FAMILY = "1,2";
			};
			name = Debug;
		};
		C44346CB2642EA040095C534 /* Release */ = {
			isa = XCBuildConfiguration;
			buildSettings = {
				ASSETCATALOG_COMPILER_APPICON_NAME = AppIcon;
				CODE_SIGN_STYLE = Automatic;
				INFOPLIST_FILE = "where-am-i/Info.plist";
				LD_RUNPATH_SEARCH_PATHS = (
					"$(inherited)",
					"@executable_path/Frameworks",
				);
				PRODUCT_BUNDLE_IDENTIFIER = "com.fernandomoreira.where-am-i";
				PRODUCT_NAME = "$(TARGET_NAME)";
				SWIFT_VERSION = 5.0;
				TARGETED_DEVICE_FAMILY = "1,2";
			};
			name = Release;
		};
/* End XCBuildConfiguration section */

/* Begin XCConfigurationList section */
		C44346B02642EA010095C534 /* Build configuration list for PBXProject "where-am-i" */ = {
			isa = XCConfigurationList;
			buildConfigurations = (
				C44346C72642EA040095C534 /* Debug */,
				C44346C82642EA040095C534 /* Release */,
			);
			defaultConfigurationIsVisible = 0;
			defaultConfigurationName = Release;
		};
		C44346C92642EA040095C534 /* Build configuration list for PBXNativeTarget "where-am-i" */ = {
			isa = XCConfigurationList;
			buildConfigurations = (
				C44346CA2642EA040095C534 /* Debug */,
				C44346CB2642EA040095C534 /* Release */,
			);
			defaultConfigurationIsVisible = 0;
			defaultConfigurationName = Release;
		};
/* End XCConfigurationList section */
	};
	rootObject = C44346AD2642EA010095C534 /* Project object */;
}
